
Microsoft Visual Studio Solution File, Format Version 12.00
# Visual Studio Version 17
VisualStudioVersion = 17.10.35027.167
MinimumVisualStudioVersion = 10.0.40219.1
Project("{9A19103F-16F7-4668-BE54-9A1E7A4F7556}") = "FileSearchApp", "FileSearchApp.csproj", "{B957191B-566E-4861-9C64-A957DCA0B52C}"
EndProject
Project("{FAE04EC0-301F-11D3-BF4B-00C04F79EFBC}") = "FileSearchAppUnitTests", "FileSearchAppUnitTests\FileSearchAppUnitTests.csproj", "{B7086BE6-7A16-4D14-B214-49EB5BFD0112}"
EndProject
Global
	GlobalSection(SolutionConfigurationPlatforms) = preSolution
		Debug|Any CPU = Debug|Any CPU
		Release|Any CPU = Release|Any CPU
	EndGlobalSection
	GlobalSection(ProjectConfigurationPlatforms) = postSolution
		{B957191B-566E-4861-9C64-A957DCA0B52C}.Debug|Any CPU.ActiveCfg = Debug|Any CPU
		{B957191B-566E-4861-9C64-A957DCA0B52C}.Debug|Any CPU.Build.0 = Debug|Any CPU
		{B957191B-566E-4861-9C64-A957DCA0B52C}.Release|Any CPU.ActiveCfg = Release|Any CPU
		{B957191B-566E-4861-9C64-A957DCA0B52C}.Release|Any CPU.Build.0 = Release|Any CPU
		{B7086BE6-7A16-4D14-B214-49EB5BFD0112}.Debug|Any CPU.ActiveCfg = Debug|Any CPU
		{B7086BE6-7A16-4D14-B214-49EB5BFD0112}.Debug|Any CPU.Build.0 = Debug|Any CPU
		{B7086BE6-7A16-4D14-B214-49EB5BFD0112}.Release|Any CPU.ActiveCfg = Release|Any CPU
		{B7086BE6-7A16-4D14-B214-49EB5BFD0112}.Release|Any CPU.Build.0 = Release|Any CPU
	EndGlobalSection
	GlobalSection(SolutionProperties) = preSolution
		HideSolutionNode = FALSE
	EndGlobalSection
	GlobalSection(ExtensibilityGlobals) = postSolution
		SolutionGuid = {CC722B5A-AE76-4286-ACFD-D83404A7604A}
	EndGlobalSection
EndGlobal
